
Microsoft Visual Studio Solution File, Format Version 12.00
# Visual Studio Version 16
VisualStudioVersion = 16.0.30002.166
MinimumVisualStudioVersion = 10.0.40219.1
Project("{F184B08F-C81C-45F6-A57F-5ABD9991F28F}") = "TaxProject", "TaxProject.vbproj", "{61C3D141-291F-4251-8627-A8D16402BABC}"
EndProject
Global
	GlobalSection(SolutionConfigurationPlatforms) = preSolution
		Debug|Any CPU = Debug|Any CPU
		Release|Any CPU = Release|Any CPU
	EndGlobalSection
	GlobalSection(ProjectConfigurationPlatforms) = postSolution
		{61C3D141-291F-4251-8627-A8D16402BABC}.Debug|Any CPU.ActiveCfg = Debug|Any CPU
		{61C3D141-291F-4251-8627-A8D16402BABC}.Debug|Any CPU.Build.0 = Debug|Any CPU
		{61C3D141-291F-4251-8627-A8D16402BABC}.Release|Any CPU.ActiveCfg = Release|Any CPU
		{61C3D141-291F-4251-8627-A8D16402BABC}.Release|Any CPU.Build.0 = Release|Any CPU
	EndGlobalSection
	GlobalSection(SolutionProperties) = preSolution
		HideSolutionNode = FALSE
	EndGlobalSection
	GlobalSection(ExtensibilityGlobals) = postSolution
		SolutionGuid = {DBDCA577-D7AA-43CD-BF06-76F81F8712AE}
	EndGlobalSection
EndGlobal
